// !$*UTF8*$!
{
	archiveVersion = 1;
	classes = {
	};
	objectVersion = 46;
	objects = {

/* Begin PBXBuildFile section */
		362D6DBC1AC68F0700AFB174 /* main.m in Sources */ = {isa = PBXBuildFile; fileRef = 362D6DBB1AC68F0700AFB174 /* main.m */; };
		362D6DBF1AC68F0700AFB174 /* AppDelegate.m in Sources */ = {isa = PBXBuildFile; fileRef = 362D6DBE1AC68F0700AFB174 /* AppDelegate.m */; };
		362D6DC21AC68F0700AFB174 /* ViewController.m in Sources */ = {isa = PBXBuildFile; fileRef = 362D6DC11AC68F0700AFB174 /* ViewController.m */; };
		362D6DC51AC68F0700AFB174 /* Main.storyboard in Resources */ = {isa = PBXBuildFile; fileRef = 362D6DC31AC68F0700AFB174 /* Main.storyboard */; };
		362D6DC71AC68F0700AFB174 /* Images.xcassets in Resources */ = {isa = PBXBuildFile; fileRef = 362D6DC61AC68F0700AFB174 /* Images.xcassets */; };
		362D6DCA1AC68F0700AFB174 /* LaunchScreen.xib in Resources */ = {isa = PBXBuildFile; fileRef = 362D6DC81AC68F0700AFB174 /* LaunchScreen.xib */; };
		362D6DD61AC68F0700AFB174 /* PlistAddTests.m in Sources */ = {isa = PBXBuildFile; fileRef = 362D6DD51AC68F0700AFB174 /* PlistAddTests.m */; };
		362D6DF21AC68F8900AFB174 /* emsp_hjy.plist in Resources */ = {isa = PBXBuildFile; fileRef = 362D6DDF1AC68F8900AFB174 /* emsp_hjy.plist */; };
		362D6DF31AC68F8900AFB174 /* emsp_tymy.plist in Resources */ = {isa = PBXBuildFile; fileRef = 362D6DE01AC68F8900AFB174 /* emsp_tymy.plist */; };
		362D6DF41AC68F8900AFB174 /* emsp_tymy1.plist in Resources */ = {isa = PBXBuildFile; fileRef = 362D6DE11AC68F8900AFB174 /* emsp_tymy1.plist */; };
		362D6DF51AC68F8900AFB174 /* emsp.plist in Resources */ = {isa = PBXBuildFile; fileRef = 362D6DE21AC68F8900AFB174 /* emsp.plist */; };
		362D6DF61AC68F8900AFB174 /* emspwfty.plist in Resources */ = {isa = PBXBuildFile; fileRef = 362D6DE31AC68F8900AFB174 /* emspwfty.plist */; };
		362D6DF71AC68F8900AFB174 /* ioskyeyes.plist in Resources */ = {isa = PBXBuildFile; fileRef = 362D6DE41AC68F8900AFB174 /* ioskyeyes.plist */; };
		362D6DF81AC68F8900AFB174 /* ioskyeyesatcs.plist in Resources */ = {isa = PBXBuildFile; fileRef = 362D6DE51AC68F8900AFB174 /* ioskyeyesatcs.plist */; };
		362D6DF91AC68F8900AFB174 /* jinhetao.plist in Resources */ = {isa = PBXBuildFile; fileRef = 362D6DE61AC68F8900AFB174 /* jinhetao.plist */; };
		362D6DFA1AC68F8900AFB174 /* kesaijinong.plist in Resources */ = {isa = PBXBuildFile; fileRef = 362D6DE71AC68F8900AFB174 /* kesaijinong.plist */; };
		362D6DFB1AC68F8900AFB174 /* LiFengMove.plist in Resources */ = {isa = PBXBuildFile; fileRef = 362D6DE81AC68F8900AFB174 /* LiFengMove.plist */; };
		362D6DFC1AC68F8900AFB174 /* Logitech.plist in Resources */ = {isa = PBXBuildFile; fileRef = 362D6DE91AC68F8900AFB174 /* Logitech.plist */; };
		362D6DFD1AC68F8900AFB174 /* LogitechCeShi.plist in Resources */ = {isa = PBXBuildFile; fileRef = 362D6DEA1AC68F8900AFB174 /* LogitechCeShi.plist */; };
		362D6DFE1AC68F8900AFB174 /* luhua.plist in Resources */ = {isa = PBXBuildFile; fileRef = 362D6DEB1AC68F8900AFB174 /* luhua.plist */; };
		362D6DFF1AC68F8900AFB174 /* OfficeAssistant.plist in Resources */ = {isa = PBXBuildFile; fileRef = 362D6DEC1AC68F8900AFB174 /* OfficeAssistant.plist */; };
		362D6E001AC68F8900AFB174 /* qdemsp.plist in Resources */ = {isa = PBXBuildFile; fileRef = 362D6DED1AC68F8900AFB174 /* qdemsp.plist */; };
		362D6E011AC68F8900AFB174 /* qdyd.plist in Resources */ = {isa = PBXBuildFile; fileRef = 362D6DEE1AC68F8900AFB174 /* qdyd.plist */; };
		362D6E021AC68F8900AFB174 /* tytalk.plist in Resources */ = {isa = PBXBuildFile; fileRef = 362D6DEF1AC68F8900AFB174 /* tytalk.plist */; };
		362D6E031AC68F8900AFB174 /* wwg.plist in Resources */ = {isa = PBXBuildFile; fileRef = 362D6DF01AC68F8900AFB174 /* wwg.plist */; };
		362D6E041AC68F8900AFB174 /* zgt.plist in Resources */ = {isa = PBXBuildFile; fileRef = 362D6DF11AC68F8900AFB174 /* zgt.plist */; };
/* End PBXBuildFile section */

/* Begin PBXContainerItemProxy section */
		362D6DD01AC68F0700AFB174 /* PBXContainerItemProxy */ = {
			isa = PBXContainerItemProxy;
			containerPortal = 362D6DAE1AC68F0700AFB174 /* Project object */;
			proxyType = 1;
			remoteGlobalIDString = 362D6DB51AC68F0700AFB174;
			remoteInfo = PlistAdd;
		};
/* End PBXContainerItemProxy section */

/* Begin PBXFileReference section */
		362D6DB61AC68F0700AFB174 /* PlistAdd.app */ = {isa = PBXFileReference; explicitFileType = wrapper.application; includeInIndex = 0; path = PlistAdd.app; sourceTree = BUILT_PRODUCTS_DIR; };
		362D6DBA1AC68F0700AFB174 /* Info.plist */ = {isa = PBXFileReference; lastKnownFileType = text.plist.xml; path = Info.plist; sourceTree = "<group>"; };
		362D6DBB1AC68F0700AFB174 /* main.m */ = {isa = PBXFileReference; lastKnownFileType = sourcecode.c.objc; path = main.m; sourceTree = "<group>"; };
		362D6DBD1AC68F0700AFB174 /* AppDelegate.h */ = {isa = PBXFileReference; lastKnownFileType = sourcecode.c.h; path = AppDelegate.h; sourceTree = "<group>"; };
		362D6DBE1AC68F0700AFB174 /* AppDelegate.m */ = {isa = PBXFileReference; lastKnownFileType = sourcecode.c.objc; path = AppDelegate.m; sourceTree = "<group>"; };
		362D6DC01AC68F0700AFB174 /* ViewController.h */ = {isa = PBXFileReference; lastKnownFileType = sourcecode.c.h; path = ViewController.h; sourceTree = "<group>"; };
		362D6DC11AC68F0700AFB174 /* ViewController.m */ = {isa = PBXFileReference; lastKnownFileType = sourcecode.c.objc; path = ViewController.m; sourceTree = "<group>"; };
		362D6DC41AC68F0700AFB174 /* Base */ = {isa = PBXFileReference; lastKnownFileType = file.storyboard; name = Base; path = Base.lproj/Main.storyboard; sourceTree = "<group>"; };
		362D6DC61AC68F0700AFB174 /* Images.xcassets */ = {isa = PBXFileReference; lastKnownFileType = folder.assetcatalog; path = Images.xcassets; sourceTree = "<group>"; };
		362D6DC91AC68F0700AFB174 /* Base */ = {isa = PBXFileReference; lastKnownFileType = file.xib; name = Base; path = Base.lproj/LaunchScreen.xib; sourceTree = "<group>"; };
		362D6DCF1AC68F0700AFB174 /* PlistAddTests.xctest */ = {isa = PBXFileReference; explicitFileType = wrapper.cfbundle; includeInIndex = 0; path = PlistAddTests.xctest; sourceTree = BUILT_PRODUCTS_DIR; };
		362D6DD41AC68F0700AFB174 /* Info.plist */ = {isa = PBXFileReference; lastKnownFileType = text.plist.xml; path = Info.plist; sourceTree = "<group>"; };
		362D6DD51AC68F0700AFB174 /* PlistAddTests.m */ = {isa = PBXFileReference; lastKnownFileType = sourcecode.c.objc; path = PlistAddTests.m; sourceTree = "<group>"; };
		362D6DDF1AC68F8900AFB174 /* emsp_hjy.plist */ = {isa = PBXFileReference; fileEncoding = 4; lastKnownFileType = text.plist.xml; path = emsp_hjy.plist; sourceTree = "<group>"; };
		362D6DE01AC68F8900AFB174 /* emsp_tymy.plist */ = {isa = PBXFileReference; fileEncoding = 4; lastKnownFileType = text.plist.xml; path = emsp_tymy.plist; sourceTree = "<group>"; };
		362D6DE11AC68F8900AFB174 /* emsp_tymy1.plist */ = {isa = PBXFileReference; fileEncoding = 4; lastKnownFileType = text.plist.xml; path = emsp_tymy1.plist; sourceTree = "<group>"; };
		362D6DE21AC68F8900AFB174 /* emsp.plist */ = {isa = PBXFileReference; fileEncoding = 4; lastKnownFileType = text.plist.xml; path = emsp.plist; sourceTree = "<group>"; };
		362D6DE31AC68F8900AFB174 /* emspwfty.plist */ = {isa = PBXFileReference; fileEncoding = 4; lastKnownFileType = text.plist.xml; path = emspwfty.plist; sourceTree = "<group>"; };
		362D6DE41AC68F8900AFB174 /* ioskyeyes.plist */ = {isa = PBXFileReference; fileEncoding = 4; lastKnownFileType = text.plist.xml; path = ioskyeyes.plist; sourceTree = "<group>"; };
		362D6DE51AC68F8900AFB174 /* ioskyeyesatcs.plist */ = {isa = PBXFileReference; fileEncoding = 4; lastKnownFileType = text.plist.xml; path = ioskyeyesatcs.plist; sourceTree = "<group>"; };
		362D6DE61AC68F8900AFB174 /* jinhetao.plist */ = {isa = PBXFileReference; fileEncoding = 4; lastKnownFileType = text.plist.xml; path = jinhetao.plist; sourceTree = "<group>"; };
		362D6DE71AC68F8900AFB174 /* kesaijinong.plist */ = {isa = PBXFileReference; fileEncoding = 4; lastKnownFileType = text.plist.xml; path = kesaijinong.plist; sourceTree = "<group>"; };
		362D6DE81AC68F8900AFB174 /* LiFengMove.plist */ = {isa = PBXFileReference; fileEncoding = 4; lastKnownFileType = text.plist.xml; path = LiFengMove.plist; sourceTree = "<group>"; };
		362D6DE91AC68F8900AFB174 /* Logitech.plist */ = {isa = PBXFileReference; fileEncoding = 4; lastKnownFileType = text.plist.xml; path = Logitech.plist; sourceTree = "<group>"; };
		362D6DEA1AC68F8900AFB174 /* LogitechCeShi.plist */ = {isa = PBXFileReference; fileEncoding = 4; lastKnownFileType = text.plist.xml; path = LogitechCeShi.plist; sourceTree = "<group>"; };
		362D6DEB1AC68F8900AFB174 /* luhua.plist */ = {isa = PBXFileReference; fileEncoding = 4; lastKnownFileType = text.plist.xml; path = luhua.plist; sourceTree = "<group>"; };
		362D6DEC1AC68F8900AFB174 /* OfficeAssistant.plist */ = {isa = PBXFileReference; fileEncoding = 4; lastKnownFileType = text.plist.xml; path = OfficeAssistant.plist; sourceTree = "<group>"; };
		362D6DED1AC68F8900AFB174 /* qdemsp.plist */ = {isa = PBXFileReference; fileEncoding = 4; lastKnownFileType = text.plist.xml; path = qdemsp.plist; sourceTree = "<group>"; };
		362D6DEE1AC68F8900AFB174 /* qdyd.plist */ = {isa = PBXFileReference; fileEncoding = 4; lastKnownFileType = text.plist.xml; path = qdyd.plist; sourceTree = "<group>"; };
		362D6DEF1AC68F8900AFB174 /* tytalk.plist */ = {isa = PBXFileReference; fileEncoding = 4; lastKnownFileType = text.plist.xml; path = tytalk.plist; sourceTree = "<group>"; };
		362D6DF01AC68F8900AFB174 /* wwg.plist */ = {isa = PBXFileReference; fileEncoding = 4; lastKnownFileType = text.plist.xml; path = wwg.plist; sourceTree = "<group>"; };
		362D6DF11AC68F8900AFB174 /* zgt.plist */ = {isa = PBXFileReference; fileEncoding = 4; lastKnownFileType = text.plist.xml; path = zgt.plist; sourceTree = "<group>"; };
/* End PBXFileReference section */

/* Begin PBXFrameworksBuildPhase section */
		362D6DB31AC68F0700AFB174 /* Frameworks */ = {
			isa = PBXFrameworksBuildPhase;
			buildActionMask = 2147483647;
			files = (
			);
			runOnlyForDeploymentPostprocessing = 0;
		};
		362D6DCC1AC68F0700AFB174 /* Frameworks */ = {
			isa = PBXFrameworksBuildPhase;
			buildActionMask = 2147483647;
			files = (
			);
			runOnlyForDeploymentPostprocessing = 0;
		};
/* End PBXFrameworksBuildPhase section */

/* Begin PBXGroup section */
		362D6DAD1AC68F0700AFB174 = {
			isa = PBXGroup;
			children = (
				362D6DB81AC68F0700AFB174 /* PlistAdd */,
				362D6DD21AC68F0700AFB174 /* PlistAddTests */,
				362D6DB71AC68F0700AFB174 /* Products */,
			);
			sourceTree = "<group>";
		};
		362D6DB71AC68F0700AFB174 /* Products */ = {
			isa = PBXGroup;
			children = (
				362D6DB61AC68F0700AFB174 /* PlistAdd.app */,
				362D6DCF1AC68F0700AFB174 /* PlistAddTests.xctest */,
			);
			name = Products;
			sourceTree = "<group>";
		};
		362D6DB81AC68F0700AFB174 /* PlistAdd */ = {
			isa = PBXGroup;
			children = (
				362D6DBD1AC68F0700AFB174 /* AppDelegate.h */,
				362D6DBE1AC68F0700AFB174 /* AppDelegate.m */,
				362D6DC01AC68F0700AFB174 /* ViewController.h */,
				362D6DC11AC68F0700AFB174 /* ViewController.m */,
				362D6DC31AC68F0700AFB174 /* Main.storyboard */,
				362D6DC61AC68F0700AFB174 /* Images.xcassets */,
				362D6DC81AC68F0700AFB174 /* LaunchScreen.xib */,
				362D6DB91AC68F0700AFB174 /* Supporting Files */,
			);
			path = PlistAdd;
			sourceTree = "<group>";
		};
		362D6DB91AC68F0700AFB174 /* Supporting Files */ = {
			isa = PBXGroup;
			children = (
				362D6DDF1AC68F8900AFB174 /* emsp_hjy.plist */,
				362D6DE01AC68F8900AFB174 /* emsp_tymy.plist */,
				362D6DE11AC68F8900AFB174 /* emsp_tymy1.plist */,
				362D6DE21AC68F8900AFB174 /* emsp.plist */,
				362D6DE31AC68F8900AFB174 /* emspwfty.plist */,
				362D6DE41AC68F8900AFB174 /* ioskyeyes.plist */,
				362D6DE51AC68F8900AFB174 /* ioskyeyesatcs.plist */,
				362D6DE61AC68F8900AFB174 /* jinhetao.plist */,
				362D6DE71AC68F8900AFB174 /* kesaijinong.plist */,
				362D6DE81AC68F8900AFB174 /* LiFengMove.plist */,
				362D6DE91AC68F8900AFB174 /* Logitech.plist */,
				362D6DEA1AC68F8900AFB174 /* LogitechCeShi.plist */,
				362D6DEB1AC68F8900AFB174 /* luhua.plist */,
				362D6DEC1AC68F8900AFB174 /* OfficeAssistant.plist */,
				362D6DED1AC68F8900AFB174 /* qdemsp.plist */,
				362D6DEE1AC68F8900AFB174 /* qdyd.plist */,
				362D6DEF1AC68F8900AFB174 /* tytalk.plist */,
				362D6DF01AC68F8900AFB174 /* wwg.plist */,
				362D6DF11AC68F8900AFB174 /* zgt.plist */,
				362D6DBA1AC68F0700AFB174 /* Info.plist */,
				362D6DBB1AC68F0700AFB174 /* main.m */,
			);
			name = "Supporting Files";
			sourceTree = "<group>";
		};
		362D6DD21AC68F0700AFB174 /* PlistAddTests */ = {
			isa = PBXGroup;
			children = (
				362D6DD51AC68F0700AFB174 /* PlistAddTests.m */,
				362D6DD31AC68F0700AFB174 /* Supporting Files */,
			);
			path = PlistAddTests;
			sourceTree = "<group>";
		};
		362D6DD31AC68F0700AFB174 /* Supporting Files */ = {
			isa = PBXGroup;
			children = (
				362D6DD41AC68F0700AFB174 /* Info.plist */,
			);
			name = "Supporting Files";
			sourceTree = "<group>";
		};
/* End PBXGroup section */

/* Begin PBXNativeTarget section */
		362D6DB51AC68F0700AFB174 /* PlistAdd */ = {
			isa = PBXNativeTarget;
			buildConfigurationList = 362D6DD91AC68F0700AFB174 /* Build configuration list for PBXNativeTarget "PlistAdd" */;
			buildPhases = (
				362D6DB21AC68F0700AFB174 /* Sources */,
				362D6DB31AC68F0700AFB174 /* Frameworks */,
				362D6DB41AC68F0700AFB174 /* Resources */,
			);
			buildRules = (
			);
			dependencies = (
			);
			name = PlistAdd;
			productName = PlistAdd;
			productReference = 362D6DB61AC68F0700AFB174 /* PlistAdd.app */;
			productType = "com.apple.product-type.application";
		};
		362D6DCE1AC68F0700AFB174 /* PlistAddTests */ = {
			isa = PBXNativeTarget;
			buildConfigurationList = 362D6DDC1AC68F0700AFB174 /* Build configuration list for PBXNativeTarget "PlistAddTests" */;
			buildPhases = (
				362D6DCB1AC68F0700AFB174 /* Sources */,
				362D6DCC1AC68F0700AFB174 /* Frameworks */,
				362D6DCD1AC68F0700AFB174 /* Resources */,
			);
			buildRules = (
			);
			dependencies = (
				362D6DD11AC68F0700AFB174 /* PBXTargetDependency */,
			);
			name = PlistAddTests;
			productName = PlistAddTests;
			productReference = 362D6DCF1AC68F0700AFB174 /* PlistAddTests.xctest */;
			productType = "com.apple.product-type.bundle.unit-test";
		};
/* End PBXNativeTarget section */

/* Begin PBXProject section */
		362D6DAE1AC68F0700AFB174 /* Project object */ = {
			isa = PBXProject;
			attributes = {
				LastUpgradeCheck = 0620;
				ORGANIZATIONNAME = "山东乐世安通通信技术有限公司";
				TargetAttributes = {
					362D6DB51AC68F0700AFB174 = {
						CreatedOnToolsVersion = 6.2;
					};
					362D6DCE1AC68F0700AFB174 = {
						CreatedOnToolsVersion = 6.2;
						TestTargetID = 362D6DB51AC68F0700AFB174;
					};
				};
			};
			buildConfigurationList = 362D6DB11AC68F0700AFB174 /* Build configuration list for PBXProject "PlistAdd" */;
			compatibilityVersion = "Xcode 3.2";
			developmentRegion = English;
			hasScannedForEncodings = 0;
			knownRegions = (
				en,
				Base,
			);
			mainGroup = 362D6DAD1AC68F0700AFB174;
			productRefGroup = 362D6DB71AC68F0700AFB174 /* Products */;
			projectDirPath = "";
			projectRoot = "";
			targets = (
				362D6DB51AC68F0700AFB174 /* PlistAdd */,
				362D6DCE1AC68F0700AFB174 /* PlistAddTests */,
			);
		};
/* End PBXProject section */

/* Begin PBXResourcesBuildPhase section */
		362D6DB41AC68F0700AFB174 /* Resources */ = {
			isa = PBXResourcesBuildPhase;
			buildActionMask = 2147483647;
			files = (
				362D6DF31AC68F8900AFB174 /* emsp_tymy.plist in Resources */,
				362D6DFA1AC68F8900AFB174 /* kesaijinong.plist in Resources */,
				362D6DC51AC68F0700AFB174 /* Main.storyboard in Resources */,
				362D6E021AC68F8900AFB174 /* tytalk.plist in Resources */,
				362D6DF41AC68F8900AFB174 /* emsp_tymy1.plist in Resources */,
				362D6DFE1AC68F8900AFB174 /* luhua.plist in Resources */,
				362D6DF81AC68F8900AFB174 /* ioskyeyesatcs.plist in Resources */,
				362D6E031AC68F8900AFB174 /* wwg.plist in Resources */,
				362D6DCA1AC68F0700AFB174 /* LaunchScreen.xib in Resources */,
				362D6DFB1AC68F8900AFB174 /* LiFengMove.plist in Resources */,
				362D6DF51AC68F8900AFB174 /* emsp.plist in Resources */,
				362D6DC71AC68F0700AFB174 /* Images.xcassets in Resources */,
				362D6E001AC68F8900AFB174 /* qdemsp.plist in Resources */,
				362D6DF21AC68F8900AFB174 /* emsp_hjy.plist in Resources */,
				362D6E041AC68F8900AFB174 /* zgt.plist in Resources */,
				362D6DFF1AC68F8900AFB174 /* OfficeAssistant.plist in Resources */,
				362D6DF91AC68F8900AFB174 /* jinhetao.plist in Resources */,
				362D6E011AC68F8900AFB174 /* qdyd.plist in Resources */,
				362D6DF71AC68F8900AFB174 /* ioskyeyes.plist in Resources */,
				362D6DF61AC68F8900AFB174 /* emspwfty.plist in Resources */,
				362D6DFC1AC68F8900AFB174 /* Logitech.plist in Resources */,
				362D6DFD1AC68F8900AFB174 /* LogitechCeShi.plist in Resources */,
			);
			runOnlyForDeploymentPostprocessing = 0;
		};
		362D6DCD1AC68F0700AFB174 /* Resources */ = {
			isa = PBXResourcesBuildPhase;
			buildActionMask = 2147483647;
			files = (
			);
			runOnlyForDeploymentPostprocessing = 0;
		};
/* End PBXResourcesBuildPhase section */

/* Begin PBXSourcesBuildPhase section */
		362D6DB21AC68F0700AFB174 /* Sources */ = {
			isa = PBXSourcesBuildPhase;
			buildActionMask = 2147483647;
			files = (
				362D6DC21AC68F0700AFB174 /* ViewController.m in Sources */,
				362D6DBF1AC68F0700AFB174 /* AppDelegate.m in Sources */,
				362D6DBC1AC68F0700AFB174 /* main.m in Sources */,
			);
			runOnlyForDeploymentPostprocessing = 0;
		};
		362D6DCB1AC68F0700AFB174 /* Sources */ = {
			isa = PBXSourcesBuildPhase;
			buildActionMask = 2147483647;
			files = (
				362D6DD61AC68F0700AFB174 /* PlistAddTests.m in Sources */,
			);
			runOnlyForDeploymentPostprocessing = 0;
		};
/* End PBXSourcesBuildPhase section */

/* Begin PBXTargetDependency section */
		362D6DD11AC68F0700AFB174 /* PBXTargetDependency */ = {
			isa = PBXTargetDependency;
			target = 362D6DB51AC68F0700AFB174 /* PlistAdd */;
			targetProxy = 362D6DD01AC68F0700AFB174 /* PBXContainerItemProxy */;
		};
/* End PBXTargetDependency section */

/* Begin PBXVariantGroup section */
		362D6DC31AC68F0700AFB174 /* Main.storyboard */ = {
			isa = PBXVariantGroup;
			children = (
				362D6DC41AC68F0700AFB174 /* Base */,
			);
			name = Main.storyboard;
			sourceTree = "<group>";
		};
		362D6DC81AC68F0700AFB174 /* LaunchScreen.xib */ = {
			isa = PBXVariantGroup;
			children = (
				362D6DC91AC68F0700AFB174 /* Base */,
			);
			name = LaunchScreen.xib;
			sourceTree = "<group>";
		};
/* End PBXVariantGroup section */

/* Begin XCBuildConfiguration section */
		362D6DD71AC68F0700AFB174 /* Debug */ = {
			isa = XCBuildConfiguration;
			buildSettings = {
				ALWAYS_SEARCH_USER_PATHS = NO;
				CLANG_CXX_LANGUAGE_STANDARD = "gnu++0x";
				CLANG_CXX_LIBRARY = "libc++";
				CLANG_ENABLE_MODULES = YES;
				CLANG_ENABLE_OBJC_ARC = YES;
				CLANG_WARN_BOOL_CONVERSION = YES;
				CLANG_WARN_CONSTANT_CONVERSION = YES;
				CLANG_WARN_DIRECT_OBJC_ISA_USAGE = YES_ERROR;
				CLANG_WARN_EMPTY_BODY = YES;
				CLANG_WARN_ENUM_CONVERSION = YES;
				CLANG_WARN_INT_CONVERSION = YES;
				CLANG_WARN_OBJC_ROOT_CLASS = YES_ERROR;
				CLANG_WARN_UNREACHABLE_CODE = YES;
				CLANG_WARN__DUPLICATE_METHOD_MATCH = YES;
				"CODE_SIGN_IDENTITY[sdk=iphoneos*]" = "iPhone Developer";
				COPY_PHASE_STRIP = NO;
				ENABLE_STRICT_OBJC_MSGSEND = YES;
				GCC_C_LANGUAGE_STANDARD = gnu99;
				GCC_DYNAMIC_NO_PIC = NO;
				GCC_OPTIMIZATION_LEVEL = 0;
				GCC_PREPROCESSOR_DEFINITIONS = (
					"DEBUG=1",
					"$(inherited)",
				);
				GCC_SYMBOLS_PRIVATE_EXTERN = NO;
				GCC_WARN_64_TO_32_BIT_CONVERSION = YES;
				GCC_WARN_ABOUT_RETURN_TYPE = YES_ERROR;
				GCC_WARN_UNDECLARED_SELECTOR = YES;
				GCC_WARN_UNINITIALIZED_AUTOS = YES_AGGRESSIVE;
				GCC_WARN_UNUSED_FUNCTION = YES;
				GCC_WARN_UNUSED_VARIABLE = YES;
				IPHONEOS_DEPLOYMENT_TARGET = 8.2;
				MTL_ENABLE_DEBUG_INFO = YES;
				ONLY_ACTIVE_ARCH = YES;
				SDKROOT = iphoneos;
			};
			name = Debug;
		};
		362D6DD81AC68F0700AFB174 /* Release */ = {
			isa = XCBuildConfiguration;
			buildSettings = {
				ALWAYS_SEARCH_USER_PATHS = NO;
				CLANG_CXX_LANGUAGE_STANDARD = "gnu++0x";
				CLANG_CXX_LIBRARY = "libc++";
				CLANG_ENABLE_MODULES = YES;
				CLANG_ENABLE_OBJC_ARC = YES;
				CLANG_WARN_BOOL_CONVERSION = YES;
				CLANG_WARN_CONSTANT_CONVERSION = YES;
				CLANG_WARN_DIRECT_OBJC_ISA_USAGE = YES_ERROR;
				CLANG_WARN_EMPTY_BODY = YES;
				CLANG_WARN_ENUM_CONVERSION = YES;
				CLANG_WARN_INT_CONVERSION = YES;
				CLANG_WARN_OBJC_ROOT_CLASS = YES_ERROR;
				CLANG_WARN_UNREACHABLE_CODE = YES;
				CLANG_WARN__DUPLICATE_METHOD_MATCH = YES;
				"CODE_SIGN_IDENTITY[sdk=iphoneos*]" = "iPhone Developer";
				COPY_PHASE_STRIP = NO;
				ENABLE_NS_ASSERTIONS = NO;
				ENABLE_STRICT_OBJC_MSGSEND = YES;
				GCC_C_LANGUAGE_STANDARD = gnu99;
				GCC_WARN_64_TO_32_BIT_CONVERSION = YES;
				GCC_WARN_ABOUT_RETURN_TYPE = YES_ERROR;
				GCC_WARN_UNDECLARED_SELECTOR = YES;
				GCC_WARN_UNINITIALIZED_AUTOS = YES_AGGRESSIVE;
				GCC_WARN_UNUSED_FUNCTION = YES;
				GCC_WARN_UNUSED_VARIABLE = YES;
				IPHONEOS_DEPLOYMENT_TARGET = 8.2;
				MTL_ENABLE_DEBUG_INFO = NO;
				SDKROOT = iphoneos;
				VALIDATE_PRODUCT = YES;
			};
			name = Release;
		};
		362D6DDA1AC68F0700AFB174 /* Debug */ = {
			isa = XCBuildConfiguration;
			buildSettings = {
				ASSETCATALOG_COMPILER_APPICON_NAME = AppIcon;
				INFOPLIST_FILE = PlistAdd/Info.plist;
				IPHONEOS_DEPLOYMENT_TARGET = 6.0;
				LD_RUNPATH_SEARCH_PATHS = "$(inherited) @executable_path/Frameworks";
				PRODUCT_NAME = "$(TARGET_NAME)";
			};
			name = Debug;
		};
		362D6DDB1AC68F0700AFB174 /* Release */ = {
			isa = XCBuildConfiguration;
			buildSettings = {
				ASSETCATALOG_COMPILER_APPICON_NAME = AppIcon;
				INFOPLIST_FILE = PlistAdd/Info.plist;
				IPHONEOS_DEPLOYMENT_TARGET = 6.0;
				LD_RUNPATH_SEARCH_PATHS = "$(inherited) @executable_path/Frameworks";
				PRODUCT_NAME = "$(TARGET_NAME)";
			};
			name = Release;
		};
		362D6DDD1AC68F0700AFB174 /* Debug */ = {
			isa = XCBuildConfiguration;
			buildSettings = {
				BUNDLE_LOADER = "$(TEST_HOST)";
				FRAMEWORK_SEARCH_PATHS = (
					"$(SDKROOT)/Developer/Library/Frameworks",
					"$(inherited)",
				);
				GCC_PREPROCESSOR_DEFINITIONS = (
					"DEBUG=1",
					"$(inherited)",
				);
				INFOPLIST_FILE = PlistAddTests/Info.plist;
				LD_RUNPATH_SEARCH_PATHS = "$(inherited) @executable_path/Frameworks @loader_path/Frameworks";
				PRODUCT_NAME = "$(TARGET_NAME)";
				TEST_HOST = "$(BUILT_PRODUCTS_DIR)/PlistAdd.app/PlistAdd";
			};
			name = Debug;
		};
		362D6DDE1AC68F0700AFB174 /* Release */ = {
			isa = XCBuildConfiguration;
			buildSettings = {
				BUNDLE_LOADER = "$(TEST_HOST)";
				FRAMEWORK_SEARCH_PATHS = (
					"$(SDKROOT)/Developer/Library/Frameworks",
					"$(inherited)",
				);
				INFOPLIST_FILE = PlistAddTests/Info.plist;
				LD_RUNPATH_SEARCH_PATHS = "$(inherited) @executable_path/Frameworks @loader_path/Frameworks";
				PRODUCT_NAME = "$(TARGET_NAME)";
				TEST_HOST = "$(BUILT_PRODUCTS_DIR)/PlistAdd.app/PlistAdd";
			};
			name = Release;
		};
/* End XCBuildConfiguration section */

/* Begin XCConfigurationList section */
		362D6DB11AC68F0700AFB174 /* Build configuration list for PBXProject "PlistAdd" */ = {
			isa = XCConfigurationList;
			buildConfigurations = (
				362D6DD71AC68F0700AFB174 /* Debug */,
				362D6DD81AC68F0700AFB174 /* Release */,
			);
			defaultConfigurationIsVisible = 0;
			defaultConfigurationName = Release;
		};
		362D6DD91AC68F0700AFB174 /* Build configuration list for PBXNativeTarget "PlistAdd" */ = {
			isa = XCConfigurationList;
			buildConfigurations = (
				362D6DDA1AC68F0700AFB174 /* Debug */,
				362D6DDB1AC68F0700AFB174 /* Release */,
			);
			defaultConfigurationIsVisible = 0;
		};
		362D6DDC1AC68F0700AFB174 /* Build configuration list for PBXNativeTarget "PlistAddTests" */ = {
			isa = XCConfigurationList;
			buildConfigurations = (
				362D6DDD1AC68F0700AFB174 /* Debug */,
				362D6DDE1AC68F0700AFB174 /* Release */,
			);
			defaultConfigurationIsVisible = 0;
		};
/* End XCConfigurationList section */
	};
	rootObject = 362D6DAE1AC68F0700AFB174 /* Project object */;
}
